# This file is automatically @generated by pesde.
# It is not intended for manual editing.
format = 2
name = "pesde/crunchydare"
version = "0.0.0"
target = "roblox"

[graph."corecii/greentea@0.4.11 lune".pkg_ref]
ref_ty = "pesde"
index_url = "https://github.com/daimond113/pesde-index"

[graph."ewdev/darklua_build@0.1.1 lune"]
direct = ["darklua_build", { repo = "https://github.com/jiwonz/lune_darklua_build", rev = "1bf7fc3" }, "dev"]

[graph."ewdev/darklua_build@0.1.1 lune".dependencies]
dirs = ["jiwonz/dirs@0.5.1 lune", "standard"]
glob = ["ewdev/glob@0.1.3-rc.1 lune", "standard"]
option = ["lukadev_0/option@1.2.0 lune", "standard"]
pathfs = ["jiwonz/pathfs@0.6.0-rc.7 lune", "standard"]
result = ["lukadev_0/result@1.2.0 lune", "standard"]

[graph."ewdev/darklua_build@0.1.1 lune".pkg_ref]
ref_ty = "git"
repo = "https://github.com/jiwonz/lune_darklua_build"
tree_id = "dded53c78920ffc412d23f40bd32ec135d3ee078"
new_structure = true

[graph."ewdev/darklua_build@0.1.1 lune".pkg_ref.dependencies]
dirs = [{ name = "jiwonz/dirs", version = "^0.5.1", index = "https://github.com/pesde-pkg/index" }, "standard"]
glob = [{ name = "ewdev/glob", version = "^0.1.3-rc.1", index = "https://github.com/pesde-pkg/index" }, "standard"]
option = [{ name = "lukadev_0/option", version = "^1.2.0", index = "https://github.com/pesde-pkg/index" }, "standard"]
pathfs = [{ name = "jiwonz/pathfs", version = "^0.6.0-rc.4", index = "https://github.com/pesde-pkg/index" }, "standard"]
result = [{ name = "lukadev_0/result", version = "^1.2.0", index = "https://github.com/pesde-pkg/index" }, "standard"]

[graph."ewdev/glob@0.1.3-rc.1 lune".dependencies]
globrex_lune = ["kimpure/globrex_lune@0.2.4 lune", "standard"]
pathfs = ["jiwonz/pathfs@0.6.0-rc.7 lune", "standard"]

[graph."ewdev/glob@0.1.3-rc.1 lune".pkg_ref]
ref_ty = "pesde"
index_url = "https://github.com/pesde-pkg/index"

[graph."ewdev/glob@0.1.3-rc.1 lune".pkg_ref.dependencies]
globrex_lune = [{ name = "kimpure/globrex_lune", version = "^0.2.4", index = "https://github.com/pesde-pkg/index" }, "standard"]
luau_check = [{ name = "jiwonz/luau_check", version = "^0.3.13", index = "https://github.com/pesde-pkg/index" }, "dev"]
luau_lsp = [{ name = "pesde/luau_lsp", version = "^1.37.0", index = "https://github.com/pesde-pkg/index" }, "dev"]
pathfs = [{ name = "jiwonz/pathfs", version = "^0.6.0-rc.3", index = "https://github.com/pesde-pkg/index" }, "standard"]
selene = [{ name = "pesde/selene", version = "^0.28.0", index = "https://github.com/pesde-pkg/index" }, "dev"]
stylua = [{ name = "pesde/stylua", version = "^2.0.2", index = "https://github.com/pesde-pkg/index" }, "dev"]

[graph."jiwonz/base91@0.1.0-rc.1 roblox"]
direct = ["base91", { name = "jiwonz/base91", version = "^0.1.0-rc.1", index = "default" }, "standard"]

[graph."jiwonz/base91@0.1.0-rc.1 roblox".pkg_ref]
ref_ty = "pesde"
index_url = "https://github.com/pesde-pkg/index"

[graph."jiwonz/base91@0.1.0-rc.1 luau"]
direct = ["base91-luau", { name = "jiwonz/base91", version = "^0.1.0-rc.1", index = "default", target = "luau" }, "dev"]

[graph."jiwonz/base91@0.1.0-rc.1 luau".pkg_ref]
ref_ty = "pesde"
index_url = "https://github.com/pesde-pkg/index"

[graph."jiwonz/dirs@0.5.1 lune"]
direct = ["dirs", { name = "jiwonz/dirs", version = "^0.5.1", index = "default", target = "lune" }, "dev"]

[graph."jiwonz/dirs@0.5.1 lune".dependencies]
greentea = ["corecii/greentea@0.4.11 lune", "standard"]
pathfs = ["jiwonz/pathfs@0.6.0-rc.7 lune", "standard"]

[graph."jiwonz/dirs@0.5.1 lune".pkg_ref]
ref_ty = "pesde"
index_url = "https://github.com/pesde-pkg/index"

[graph."jiwonz/dirs@0.5.1 lune".pkg_ref.dependencies]
greentea = [{ name = "corecii/greentea", version = "^0.4.10", index = "https://github.com/daimond113/pesde-index" }, "standard"]
pathfs = [{ name = "jiwonz/pathfs", version = "^0.6.0-rc.6", index = "https://github.com/daimond113/pesde-index" }, "standard"]

[graph."jiwonz/luau_disk@0.1.4 luau".pkg_ref]
ref_ty = "pesde"
index_url = "https://github.com/pesde-pkg/index"

[graph."jiwonz/luau_path@0.1.4 luau".dependencies]
luau_disk = ["jiwonz/luau_disk@0.1.4 luau", "standard"]

[graph."jiwonz/luau_path@0.1.4 luau".pkg_ref]
ref_ty = "pesde"
index_url = "https://github.com/daimond113/pesde-index"

[graph."jiwonz/luau_path@0.1.4 luau".pkg_ref.dependencies]
luau_disk = [{ name = "jiwonz/luau_disk", version = "^0.1.4", index = "https://github.com/pesde-pkg/index" }, "standard"]

[graph."jiwonz/luau_regexp@0.1.3 luau".pkg_ref]
ref_ty = "pesde"
index_url = "https://github.com/pesde-pkg/index"

[graph."jiwonz/pathfs@0.6.0-rc.7 lune"]
direct = ["pathfs", { name = "jiwonz/pathfs", version = "^0.6.0-rc.7", index = "default", target = "lune" }, "dev"]

[graph."jiwonz/pathfs@0.6.0-rc.7 lune".dependencies]
greentea = ["corecii/greentea@0.4.11 lune", "standard"]
luau_path = ["jiwonz/luau_path@0.1.4 luau", "standard"]

[graph."jiwonz/pathfs@0.6.0-rc.7 lune".pkg_ref]
ref_ty = "pesde"
index_url = "https://github.com/pesde-pkg/index"

[graph."jiwonz/pathfs@0.6.0-rc.7 lune".pkg_ref.dependencies]
frktest = [{ name = "itsfrank/frktest", version = "^0.0.2", index = "https://github.com/daimond113/pesde-index" }, "dev"]
greentea = [{ name = "corecii/greentea", version = "^0.4.11", index = "https://github.com/daimond113/pesde-index" }, "standard"]
luau_check = [{ name = "jiwonz/luau_check", version = "^0.3.13", index = "https://github.com/daimond113/pesde-index" }, "dev"]
luau_lsp = [{ name = "pesde/luau_lsp", version = "^1.48.0", index = "https://github.com/daimond113/pesde-index" }, "dev"]
luau_path = [{ name = "jiwonz/luau_path", version = "^0.1.4", index = "https://github.com/daimond113/pesde-index", target = "luau" }, "standard"]
selene = [{ name = "pesde/selene", version = "^0.28.0", index = "https://github.com/daimond113/pesde-index" }, "dev"]
stylua = [{ name = "pesde/stylua", version = "^2.1.0", index = "https://github.com/daimond113/pesde-index" }, "dev"]

[graph."jiwonz/pesde_scripts_core@0.0.3-rc.1 lune".pkg_ref]
ref_ty = "pesde"
index_url = "https://github.com/pesde-pkg/index"

[graph."jiwonz/pesde_scripts_core@0.0.3-rc.1 lune".pkg_ref.dependencies]
argon = [{ name = "pesde/argon", version = "^2.0.21", index = "https://github.com/pesde-pkg/index" }, "dev"]
frktest = [{ name = "itsfrank/frktest", version = "^0.0.2", index = "https://github.com/pesde-pkg/index" }, "dev"]
luau-lsp = [{ name = "pesde/luau_lsp", version = "^1.36.0", index = "https://github.com/pesde-pkg/index" }, "dev"]
pathfs = [{ name = "jiwonz/pathfs", version = "^0.5.2", index = "https://github.com/pesde-pkg/index" }, "dev"]
rojo = [{ name = "pesde/rojo", version = "^7.4.4", index = "https://github.com/pesde-pkg/index" }, "dev"]
stylua = [{ name = "pesde/stylua", version = "^2.0.1", index = "https://github.com/pesde-pkg/index" }, "dev"]

[graph."jiwonz/pesde_scripts_rojo@0.1.0-rc.1 lune"]
direct = ["scripts", { name = "jiwonz/pesde_scripts_rojo", version = "^0.1.0-rc.1", index = "default", target = "lune" }, "dev"]

[graph."jiwonz/pesde_scripts_rojo@0.1.0-rc.1 lune".dependencies]
core = ["jiwonz/pesde_scripts_core@0.0.3-rc.1 lune", "standard"]

[graph."jiwonz/pesde_scripts_rojo@0.1.0-rc.1 lune".pkg_ref]
ref_ty = "pesde"
index_url = "https://github.com/pesde-pkg/index"

[graph."jiwonz/pesde_scripts_rojo@0.1.0-rc.1 lune".pkg_ref.dependencies]
core = [{ name = "jiwonz/pesde_scripts_core", version = "^0.0.3-rc.1", index = "https://github.com/pesde-pkg/index", target = "lune" }, "standard"]

[graph."jiwonz/squash@3.0.0-rc.1 roblox"]
direct = ["squash", { name = "jiwonz/squash", version = "^3.0.0-rc.1", index = "default" }, "standard"]

[graph."jiwonz/squash@3.0.0-rc.1 roblox".pkg_ref]
ref_ty = "pesde"
index_url = "https://github.com/pesde-pkg/index"

[graph."jiwonz/squash@3.0.0-rc.1 luau"]
direct = ["squash-luau", { name = "jiwonz/squash", version = "^3.0.0-rc.1", index = "default", target = "luau" }, "dev"]

[graph."jiwonz/squash@3.0.0-rc.1 luau".pkg_ref]
ref_ty = "pesde"
index_url = "https://github.com/pesde-pkg/index"

[graph."kimpure/globrex_lune@0.2.4 lune".dependencies]
luau_regexp = ["jiwonz/luau_regexp@0.1.3 luau", "standard"]

[graph."kimpure/globrex_lune@0.2.4 lune".pkg_ref]
ref_ty = "pesde"
index_url = "https://github.com/pesde-pkg/index"

[graph."kimpure/globrex_lune@0.2.4 lune".pkg_ref.dependencies]
luau_check = [{ name = "jiwonz/luau_check", version = "^0.2.2", index = "https://github.com/pesde-pkg/index" }, "dev"]
luau_lsp = [{ name = "pesde/luau_lsp", version = "^1.38.1", index = "https://github.com/pesde-pkg/index" }, "dev"]
luau_regexp = [{ name = "jiwonz/luau_regexp", version = "^0.1.0", index = "https://github.com/pesde-pkg/index", target = "luau" }, "standard"]
selene = [{ name = "pesde/selene", version = "^0.27.1", index = "https://github.com/pesde-pkg/index" }, "dev"]
stylua = [{ name = "pesde/stylua", version = "^2.0.2", index = "https://github.com/pesde-pkg/index" }, "dev"]

[graph."lukadev_0/option@1.2.0 lune".pkg_ref]
ref_ty = "pesde"
index_url = "https://github.com/pesde-pkg/index"

[graph."lukadev_0/result@1.2.0 lune".pkg_ref]
ref_ty = "pesde"
index_url = "https://github.com/pesde-pkg/index"

[graph."wally#ffrostfall/crunchyroll@0.1.0 roblox"]
direct = ["crunchyroll", { wally = "wally#ffrostfall/crunchyroll", version = "^0.1.0", index = "default" }, "standard"]

[graph."wally#ffrostfall/crunchyroll@0.1.0 roblox".pkg_ref]
ref_ty = "wally"
index_url = "https://github.com/UpliftGames/wally-index"
